
Microsoft Visual Studio Solution File, Format Version 12.00
# Visual Studio Version 17
VisualStudioVersion = 17.4.33403.182
MinimumVisualStudioVersion = 10.0.40219.1
Project("{8BC9CEB8-8B4A-11D0-8D11-00A0C91BC942}") = "meson-setup", "meson-setup\meson-setup.vcxproj", "{753BDCF5-2BA9-4E67-9A5A-CEA166E916D3}"
EndProject
Project("{2150E333-8FDC-42A3-9474-1A3956D46DE8}") = "meson", "meson", "{F3F3AEDD-1929-4CE1-B219-7174EA4B85A8}"
EndProject
Project("{8BC9CEB8-8B4A-11D0-8D11-00A0C91BC942}") = "meson-compile", "meson-compile\meson-compile.vcxproj", "{4F1B0FD6-5F17-4260-B88F-52B86281D7F1}"
EndProject
Project("{8BC9CEB8-8B4A-11D0-8D11-00A0C91BC942}") = "penrose", "penrose\penrose.vcxproj", "{4051407F-1D41-414B-BB2F-9FFD51769A38}"
EndProject
Project("{8BC9CEB8-8B4A-11D0-8D11-00A0C91BC942}") = "penrose-tests", "penrose-tests\penrose-tests.vcxproj", "{983E9B32-4A64-4A2B-A55A-3D4C14891DEC}"
EndProject
Global
	GlobalSection(SolutionConfigurationPlatforms) = preSolution
		Debug|x64 = Debug|x64
		Debug|x86 = Debug|x86
		Release|x64 = Release|x64
		Release|x86 = Release|x86
	EndGlobalSection
	GlobalSection(ProjectConfigurationPlatforms) = postSolution
		{753BDCF5-2BA9-4E67-9A5A-CEA166E916D3}.Debug|x64.ActiveCfg = Debug|x64
		{753BDCF5-2BA9-4E67-9A5A-CEA166E916D3}.Debug|x64.Build.0 = Debug|x64
		{753BDCF5-2BA9-4E67-9A5A-CEA166E916D3}.Debug|x86.ActiveCfg = Debug|Win32
		{753BDCF5-2BA9-4E67-9A5A-CEA166E916D3}.Debug|x86.Build.0 = Debug|Win32
		{753BDCF5-2BA9-4E67-9A5A-CEA166E916D3}.Release|x64.ActiveCfg = Release|x64
		{753BDCF5-2BA9-4E67-9A5A-CEA166E916D3}.Release|x64.Build.0 = Release|x64
		{753BDCF5-2BA9-4E67-9A5A-CEA166E916D3}.Release|x86.ActiveCfg = Release|Win32
		{753BDCF5-2BA9-4E67-9A5A-CEA166E916D3}.Release|x86.Build.0 = Release|Win32
		{4F1B0FD6-5F17-4260-B88F-52B86281D7F1}.Debug|x64.ActiveCfg = Debug|x64
		{4F1B0FD6-5F17-4260-B88F-52B86281D7F1}.Debug|x64.Build.0 = Debug|x64
		{4F1B0FD6-5F17-4260-B88F-52B86281D7F1}.Debug|x86.ActiveCfg = Debug|Win32
		{4F1B0FD6-5F17-4260-B88F-52B86281D7F1}.Debug|x86.Build.0 = Debug|Win32
		{4F1B0FD6-5F17-4260-B88F-52B86281D7F1}.Release|x64.ActiveCfg = Release|x64
		{4F1B0FD6-5F17-4260-B88F-52B86281D7F1}.Release|x64.Build.0 = Release|x64
		{4F1B0FD6-5F17-4260-B88F-52B86281D7F1}.Release|x86.ActiveCfg = Release|Win32
		{4F1B0FD6-5F17-4260-B88F-52B86281D7F1}.Release|x86.Build.0 = Release|Win32
		{4051407F-1D41-414B-BB2F-9FFD51769A38}.Debug|x64.ActiveCfg = Debug|x64
		{4051407F-1D41-414B-BB2F-9FFD51769A38}.Debug|x64.Build.0 = Debug|x64
		{4051407F-1D41-414B-BB2F-9FFD51769A38}.Debug|x86.ActiveCfg = Debug|Win32
		{4051407F-1D41-414B-BB2F-9FFD51769A38}.Debug|x86.Build.0 = Debug|Win32
		{4051407F-1D41-414B-BB2F-9FFD51769A38}.Release|x64.ActiveCfg = Release|x64
		{4051407F-1D41-414B-BB2F-9FFD51769A38}.Release|x64.Build.0 = Release|x64
		{4051407F-1D41-414B-BB2F-9FFD51769A38}.Release|x86.ActiveCfg = Release|Win32
		{4051407F-1D41-414B-BB2F-9FFD51769A38}.Release|x86.Build.0 = Release|Win32
		{983E9B32-4A64-4A2B-A55A-3D4C14891DEC}.Debug|x64.ActiveCfg = Debug|x64
		{983E9B32-4A64-4A2B-A55A-3D4C14891DEC}.Debug|x64.Build.0 = Debug|x64
		{983E9B32-4A64-4A2B-A55A-3D4C14891DEC}.Debug|x86.ActiveCfg = Debug|Win32
		{983E9B32-4A64-4A2B-A55A-3D4C14891DEC}.Debug|x86.Build.0 = Debug|Win32
		{983E9B32-4A64-4A2B-A55A-3D4C14891DEC}.Release|x64.ActiveCfg = Release|x64
		{983E9B32-4A64-4A2B-A55A-3D4C14891DEC}.Release|x64.Build.0 = Release|x64
		{983E9B32-4A64-4A2B-A55A-3D4C14891DEC}.Release|x86.ActiveCfg = Release|Win32
		{983E9B32-4A64-4A2B-A55A-3D4C14891DEC}.Release|x86.Build.0 = Release|Win32
	EndGlobalSection
	GlobalSection(SolutionProperties) = preSolution
		HideSolutionNode = FALSE
	EndGlobalSection
	GlobalSection(NestedProjects) = preSolution
		{753BDCF5-2BA9-4E67-9A5A-CEA166E916D3} = {F3F3AEDD-1929-4CE1-B219-7174EA4B85A8}
		{4F1B0FD6-5F17-4260-B88F-52B86281D7F1} = {F3F3AEDD-1929-4CE1-B219-7174EA4B85A8}
	EndGlobalSection
	GlobalSection(ExtensibilityGlobals) = postSolution
		SolutionGuid = {1222A02D-E485-4D7A-87D9-3514BC9D3BD5}
	EndGlobalSection
EndGlobal
